
Microsoft Visual Studio Solution File, Format Version 12.00
# Visual Studio Version 16
VisualStudioVersion = 16.0.30503.244
MinimumVisualStudioVersion = 10.0.40219.1
Project("{8BC9CEB8-8B4A-11D0-8D11-00A0C91BC942}") = "EX1", "TP3.vcxproj", "{288D0BB3-B809-4E6F-BB2F-2DC9593A7796}"
EndProject
Project("{8BC9CEB8-8B4A-11D0-8D11-00A0C91BC942}") = "EX2", "..\EX2\EX2.vcxproj", "{68617730-348E-4961-B123-E5A64363D0BF}"
EndProject
Project("{8BC9CEB8-8B4A-11D0-8D11-00A0C91BC942}") = "EX3", "..\EX3\EX3.vcxproj", "{E3DEDB1E-44FC-4591-BDD6-9A2D92204444}"
EndProject
Project("{8BC9CEB8-8B4A-11D0-8D11-00A0C91BC942}") = "EX4", "..\EX4\EX4.vcxproj", "{FF9FF7C5-4C2E-4A63-81A6-EB55C3D5E4D5}"
EndProject
Global
	GlobalSection(SolutionConfigurationPlatforms) = preSolution
		Debug|x64 = Debug|x64
		Debug|x86 = Debug|x86
		Release|x64 = Release|x64
		Release|x86 = Release|x86
	EndGlobalSection
	GlobalSection(ProjectConfigurationPlatforms) = postSolution
		{288D0BB3-B809-4E6F-BB2F-2DC9593A7796}.Debug|x64.ActiveCfg = Debug|x64
		{288D0BB3-B809-4E6F-BB2F-2DC9593A7796}.Debug|x64.Build.0 = Debug|x64
		{288D0BB3-B809-4E6F-BB2F-2DC9593A7796}.Debug|x86.ActiveCfg = Debug|Win32
		{288D0BB3-B809-4E6F-BB2F-2DC9593A7796}.Debug|x86.Build.0 = Debug|Win32
		{288D0BB3-B809-4E6F-BB2F-2DC9593A7796}.Release|x64.ActiveCfg = Release|x64
		{288D0BB3-B809-4E6F-BB2F-2DC9593A7796}.Release|x64.Build.0 = Release|x64
		{288D0BB3-B809-4E6F-BB2F-2DC9593A7796}.Release|x86.ActiveCfg = Release|Win32
		{288D0BB3-B809-4E6F-BB2F-2DC9593A7796}.Release|x86.Build.0 = Release|Win32
		{68617730-348E-4961-B123-E5A64363D0BF}.Debug|x64.ActiveCfg = Debug|x64
		{68617730-348E-4961-B123-E5A64363D0BF}.Debug|x64.Build.0 = Debug|x64
		{68617730-348E-4961-B123-E5A64363D0BF}.Debug|x86.ActiveCfg = Debug|Win32
		{68617730-348E-4961-B123-E5A64363D0BF}.Debug|x86.Build.0 = Debug|Win32
		{68617730-348E-4961-B123-E5A64363D0BF}.Release|x64.ActiveCfg = Release|x64
		{68617730-348E-4961-B123-E5A64363D0BF}.Release|x64.Build.0 = Release|x64
		{68617730-348E-4961-B123-E5A64363D0BF}.Release|x86.ActiveCfg = Release|Win32
		{68617730-348E-4961-B123-E5A64363D0BF}.Release|x86.Build.0 = Release|Win32
		{E3DEDB1E-44FC-4591-BDD6-9A2D92204444}.Debug|x64.ActiveCfg = Debug|x64
		{E3DEDB1E-44FC-4591-BDD6-9A2D92204444}.Debug|x64.Build.0 = Debug|x64
		{E3DEDB1E-44FC-4591-BDD6-9A2D92204444}.Debug|x86.ActiveCfg = Debug|Win32
		{E3DEDB1E-44FC-4591-BDD6-9A2D92204444}.Debug|x86.Build.0 = Debug|Win32
		{E3DEDB1E-44FC-4591-BDD6-9A2D92204444}.Release|x64.ActiveCfg = Release|x64
		{E3DEDB1E-44FC-4591-BDD6-9A2D92204444}.Release|x64.Build.0 = Release|x64
		{E3DEDB1E-44FC-4591-BDD6-9A2D92204444}.Release|x86.ActiveCfg = Release|Win32
		{E3DEDB1E-44FC-4591-BDD6-9A2D92204444}.Release|x86.Build.0 = Release|Win32
		{FF9FF7C5-4C2E-4A63-81A6-EB55C3D5E4D5}.Debug|x64.ActiveCfg = Debug|x64
		{FF9FF7C5-4C2E-4A63-81A6-EB55C3D5E4D5}.Debug|x64.Build.0 = Debug|x64
		{FF9FF7C5-4C2E-4A63-81A6-EB55C3D5E4D5}.Debug|x86.ActiveCfg = Debug|Win32
		{FF9FF7C5-4C2E-4A63-81A6-EB55C3D5E4D5}.Debug|x86.Build.0 = Debug|Win32
		{FF9FF7C5-4C2E-4A63-81A6-EB55C3D5E4D5}.Release|x64.ActiveCfg = Release|x64
		{FF9FF7C5-4C2E-4A63-81A6-EB55C3D5E4D5}.Release|x64.Build.0 = Release|x64
		{FF9FF7C5-4C2E-4A63-81A6-EB55C3D5E4D5}.Release|x86.ActiveCfg = Release|Win32
		{FF9FF7C5-4C2E-4A63-81A6-EB55C3D5E4D5}.Release|x86.Build.0 = Release|Win32
	EndGlobalSection
	GlobalSection(SolutionProperties) = preSolution
		HideSolutionNode = FALSE
	EndGlobalSection
	GlobalSection(ExtensibilityGlobals) = postSolution
		SolutionGuid = {F2E70966-96D4-47FA-B109-ECF8B94EDD5E}
	EndGlobalSection
EndGlobal
